git.sr.ht/~shulhan/asciidoctor-go v0.5.0 h1:TfcAjv+7EwBZ83ef8OhX9vfQ4vRFcaJh0P1XXgbsJv0=
git.sr.ht/~shulhan/asciidoctor-go v0.5.0/go.mod h1:RHAfgO1CU1It8Gsz6eqDBi8HhT4wxhCS1dKO8U9vIgM=
git.sr.ht/~shulhan/ciigo v0.10.0 h1:s1SJ3/NzBcbOLmEZ4z1Cx9Vf7ZdDIvm45b7KMCZKzEY=
git.sr.ht/~shulhan/ciigo v0.10.0/go.mod h1:cG6av+ywJZZp96F43kmLB2QWjm2hYiahbsbeTX/vlgk=
github.com/shuLhan/share v0.49.1 h1:Y4LSCewjYKDxRYfyYZ2WRGs/aJ8JI5JRPw8vsS3TGWc=
github.com/shuLhan/share v0.49.1/go.mod h1:cuTw2WIcltSOPfUasvDpxHUNpBErzCBjk+YnKQHCLm8=
github.com/yuin/goldmark v1.5.6 h1:COmQAWTCcGetChm3Ig7G/t8AFAN00t+o8Mt4cf7JpwA=
github.com/yuin/goldmark v1.5.6/go.mod h1:6yULJ656Px+3vBD8DxQVa3kxgyrAnzto9xy5taEt/CY=
github.com/yuin/goldmark-meta v1.1.0 h1:pWw+JLHGZe8Rk0EGsMVssiNb/AaPMHfSRszZeUeiOUc=
github.com/yuin/goldmark-meta v1.1.0/go.mod h1:U4spWENafuA7Zyg+Lj5RqK/MF+ovMYtBvXi1lBb2VP0=
golang.org/x/net v0.15.0 h1:ugBLEUaxABaB5AJqW9enI0ACdci2RUd4eP51NTBvuJ8=
golang.org/x/net v0.15.0/go.mod h1:idbUs1IY1+zTqbi8yxTbhexhEEk5ur9LInksu6HrEpk=
golang.org/x/sys v0.12.0 h1:CM0HF96J0hcLAwsHPJZjfdNzs0gftsLfgKt57wWHJ0o=
golang.org/x/sys v0.12.0/go.mod h1:oPkhp1MJrh7nUepCBck5+mAzfO9JrbApNNgaTdGDITg=
gopkg.in/check.v1 v0.0.0-20161208181325-20d25e280405 h1:yhCVgyC4o1eVCa2tZl7eS0r+SDo693bJlVdllGtEeKM=
gopkg.in/check.v1 v0.0.0-20161208181325-20d25e280405/go.mod h1:Co6ibVJAznAaIkqp8huTwlJQCZ016jof/cbN4VW5Yz0=
gopkg.in/yaml.v2 v2.4.0 h1:D8xgwECY7CYvx+Y2n4sBz93Jn9JRvxdiyyo8CTfuKaY=
gopkg.in/yaml.v2 v2.4.0/go.mod h1:RDklbk79AGWmwhnvt/jBztapEOGDOx6ZbXqjP6csGnQ=
